
Microsoft Visual Studio Solution File, Format Version 12.00
# Visual Studio Version 17
VisualStudioVersion = 17.0.31903.59
MinimumVisualStudioVersion = 10.0.40219.1
Project("{FAE04EC0-301F-11D3-BF4B-00C04F79EFBC}") = "RedGari.Bot", "RedGari.Bot\RedGari.Bot.csproj", "{E0EE4D54-C702-4D70-8983-2FA3A003C251}"
EndProject
Project("{FAE04EC0-301F-11D3-BF4B-00C04F79EFBC}") = "RedGari.Application", "RedGari.Application\RedGari.Application.csproj", "{D7425024-98D2-49E1-BABE-5F22D5FF7694}"
EndProject
Project("{FAE04EC0-301F-11D3-BF4B-00C04F79EFBC}") = "RedGari.Infrastructure", "RedGari.Infrastructure\RedGari.Infrastructure.csproj", "{818CA6A7-E0A7-4E84-B35D-5C5BB5361DBF}"
EndProject
Project("{FAE04EC0-301F-11D3-BF4B-00C04F79EFBC}") = "RedGari.Tests", "RedGari.Tests\RedGari.Tests.csproj", "{E04B325B-A414-445A-A569-03BC51435906}"
EndProject
Project("{FAE04EC0-301F-11D3-BF4B-00C04F79EFBC}") = "RedGari.Domain", "RedGari.Domain\RedGari.Domain.csproj", "{2B8F3D02-62E5-4849-9EA1-DCB5DA86C90D}"
EndProject
Global
	GlobalSection(SolutionConfigurationPlatforms) = preSolution
		Debug|Any CPU = Debug|Any CPU
		Debug|x64 = Debug|x64
		Debug|x86 = Debug|x86
		Release|Any CPU = Release|Any CPU
		Release|x64 = Release|x64
		Release|x86 = Release|x86
	EndGlobalSection
	GlobalSection(ProjectConfigurationPlatforms) = postSolution
		{E0EE4D54-C702-4D70-8983-2FA3A003C251}.Debug|Any CPU.ActiveCfg = Debug|Any CPU
		{E0EE4D54-C702-4D70-8983-2FA3A003C251}.Debug|Any CPU.Build.0 = Debug|Any CPU
		{E0EE4D54-C702-4D70-8983-2FA3A003C251}.Debug|x64.ActiveCfg = Debug|Any CPU
		{E0EE4D54-C702-4D70-8983-2FA3A003C251}.Debug|x64.Build.0 = Debug|Any CPU
		{E0EE4D54-C702-4D70-8983-2FA3A003C251}.Debug|x86.ActiveCfg = Debug|Any CPU
		{E0EE4D54-C702-4D70-8983-2FA3A003C251}.Debug|x86.Build.0 = Debug|Any CPU
		{E0EE4D54-C702-4D70-8983-2FA3A003C251}.Release|Any CPU.ActiveCfg = Release|Any CPU
		{E0EE4D54-C702-4D70-8983-2FA3A003C251}.Release|Any CPU.Build.0 = Release|Any CPU
		{E0EE4D54-C702-4D70-8983-2FA3A003C251}.Release|x64.ActiveCfg = Release|Any CPU
		{E0EE4D54-C702-4D70-8983-2FA3A003C251}.Release|x64.Build.0 = Release|Any CPU
		{E0EE4D54-C702-4D70-8983-2FA3A003C251}.Release|x86.ActiveCfg = Release|Any CPU
		{E0EE4D54-C702-4D70-8983-2FA3A003C251}.Release|x86.Build.0 = Release|Any CPU
		{D7425024-98D2-49E1-BABE-5F22D5FF7694}.Debug|Any CPU.ActiveCfg = Debug|Any CPU
		{D7425024-98D2-49E1-BABE-5F22D5FF7694}.Debug|Any CPU.Build.0 = Debug|Any CPU
		{D7425024-98D2-49E1-BABE-5F22D5FF7694}.Debug|x64.ActiveCfg = Debug|Any CPU
		{D7425024-98D2-49E1-BABE-5F22D5FF7694}.Debug|x64.Build.0 = Debug|Any CPU
		{D7425024-98D2-49E1-BABE-5F22D5FF7694}.Debug|x86.ActiveCfg = Debug|Any CPU
		{D7425024-98D2-49E1-BABE-5F22D5FF7694}.Debug|x86.Build.0 = Debug|Any CPU
		{D7425024-98D2-49E1-BABE-5F22D5FF7694}.Release|Any CPU.ActiveCfg = Release|Any CPU
		{D7425024-98D2-49E1-BABE-5F22D5FF7694}.Release|Any CPU.Build.0 = Release|Any CPU
		{D7425024-98D2-49E1-BABE-5F22D5FF7694}.Release|x64.ActiveCfg = Release|Any CPU
		{D7425024-98D2-49E1-BABE-5F22D5FF7694}.Release|x64.Build.0 = Release|Any CPU
		{D7425024-98D2-49E1-BABE-5F22D5FF7694}.Release|x86.ActiveCfg = Release|Any CPU
		{D7425024-98D2-49E1-BABE-5F22D5FF7694}.Release|x86.Build.0 = Release|Any CPU
		{818CA6A7-E0A7-4E84-B35D-5C5BB5361DBF}.Debug|Any CPU.ActiveCfg = Debug|Any CPU
		{818CA6A7-E0A7-4E84-B35D-5C5BB5361DBF}.Debug|Any CPU.Build.0 = Debug|Any CPU
		{818CA6A7-E0A7-4E84-B35D-5C5BB5361DBF}.Debug|x64.ActiveCfg = Debug|Any CPU
		{818CA6A7-E0A7-4E84-B35D-5C5BB5361DBF}.Debug|x64.Build.0 = Debug|Any CPU
		{818CA6A7-E0A7-4E84-B35D-5C5BB5361DBF}.Debug|x86.ActiveCfg = Debug|Any CPU
		{818CA6A7-E0A7-4E84-B35D-5C5BB5361DBF}.Debug|x86.Build.0 = Debug|Any CPU
		{818CA6A7-E0A7-4E84-B35D-5C5BB5361DBF}.Release|Any CPU.ActiveCfg = Release|Any CPU
		{818CA6A7-E0A7-4E84-B35D-5C5BB5361DBF}.Release|Any CPU.Build.0 = Release|Any CPU
		{818CA6A7-E0A7-4E84-B35D-5C5BB5361DBF}.Release|x64.ActiveCfg = Release|Any CPU
		{818CA6A7-E0A7-4E84-B35D-5C5BB5361DBF}.Release|x64.Build.0 = Release|Any CPU
		{818CA6A7-E0A7-4E84-B35D-5C5BB5361DBF}.Release|x86.ActiveCfg = Release|Any CPU
		{818CA6A7-E0A7-4E84-B35D-5C5BB5361DBF}.Release|x86.Build.0 = Release|Any CPU
		{E04B325B-A414-445A-A569-03BC51435906}.Debug|Any CPU.ActiveCfg = Debug|Any CPU
		{E04B325B-A414-445A-A569-03BC51435906}.Debug|Any CPU.Build.0 = Debug|Any CPU
		{E04B325B-A414-445A-A569-03BC51435906}.Debug|x64.ActiveCfg = Debug|Any CPU
		{E04B325B-A414-445A-A569-03BC51435906}.Debug|x64.Build.0 = Debug|Any CPU
		{E04B325B-A414-445A-A569-03BC51435906}.Debug|x86.ActiveCfg = Debug|Any CPU
		{E04B325B-A414-445A-A569-03BC51435906}.Debug|x86.Build.0 = Debug|Any CPU
		{E04B325B-A414-445A-A569-03BC51435906}.Release|Any CPU.ActiveCfg = Release|Any CPU
		{E04B325B-A414-445A-A569-03BC51435906}.Release|Any CPU.Build.0 = Release|Any CPU
		{E04B325B-A414-445A-A569-03BC51435906}.Release|x64.ActiveCfg = Release|Any CPU
		{E04B325B-A414-445A-A569-03BC51435906}.Release|x64.Build.0 = Release|Any CPU
		{E04B325B-A414-445A-A569-03BC51435906}.Release|x86.ActiveCfg = Release|Any CPU
		{E04B325B-A414-445A-A569-03BC51435906}.Release|x86.Build.0 = Release|Any CPU
		{2B8F3D02-62E5-4849-9EA1-DCB5DA86C90D}.Debug|Any CPU.ActiveCfg = Debug|Any CPU
		{2B8F3D02-62E5-4849-9EA1-DCB5DA86C90D}.Debug|Any CPU.Build.0 = Debug|Any CPU
		{2B8F3D02-62E5-4849-9EA1-DCB5DA86C90D}.Debug|x64.ActiveCfg = Debug|Any CPU
		{2B8F3D02-62E5-4849-9EA1-DCB5DA86C90D}.Debug|x64.Build.0 = Debug|Any CPU
		{2B8F3D02-62E5-4849-9EA1-DCB5DA86C90D}.Debug|x86.ActiveCfg = Debug|Any CPU
		{2B8F3D02-62E5-4849-9EA1-DCB5DA86C90D}.Debug|x86.Build.0 = Debug|Any CPU
		{2B8F3D02-62E5-4849-9EA1-DCB5DA86C90D}.Release|Any CPU.ActiveCfg = Release|Any CPU
		{2B8F3D02-62E5-4849-9EA1-DCB5DA86C90D}.Release|Any CPU.Build.0 = Release|Any CPU
		{2B8F3D02-62E5-4849-9EA1-DCB5DA86C90D}.Release|x64.ActiveCfg = Release|Any CPU
		{2B8F3D02-62E5-4849-9EA1-DCB5DA86C90D}.Release|x64.Build.0 = Release|Any CPU
		{2B8F3D02-62E5-4849-9EA1-DCB5DA86C90D}.Release|x86.ActiveCfg = Release|Any CPU
		{2B8F3D02-62E5-4849-9EA1-DCB5DA86C90D}.Release|x86.Build.0 = Release|Any CPU
	EndGlobalSection
	GlobalSection(SolutionProperties) = preSolution
		HideSolutionNode = FALSE
	EndGlobalSection
EndGlobal
